
Microsoft Visual Studio Solution File, Format Version 12.00
# Visual Studio Version 16
VisualStudioVersion = 16.0.31205.134
MinimumVisualStudioVersion = 10.0.40219.1
Project("{FAE04EC0-301F-11D3-BF4B-00C04F79EFBC}") = "DataGridView", "DataGridView\DataGridView.csproj", "{DA93174F-DBC7-4F41-8C68-0E4B8449F8EB}"
EndProject
Global
	GlobalSection(SolutionConfigurationPlatforms) = preSolution
		Debug|Any CPU = Debug|Any CPU
		Release|Any CPU = Release|Any CPU
	EndGlobalSection
	GlobalSection(ProjectConfigurationPlatforms) = postSolution
		{DA93174F-DBC7-4F41-8C68-0E4B8449F8EB}.Debug|Any CPU.ActiveCfg = Debug|Any CPU
		{DA93174F-DBC7-4F41-8C68-0E4B8449F8EB}.Debug|Any CPU.Build.0 = Debug|Any CPU
		{DA93174F-DBC7-4F41-8C68-0E4B8449F8EB}.Release|Any CPU.ActiveCfg = Release|Any CPU
		{DA93174F-DBC7-4F41-8C68-0E4B8449F8EB}.Release|Any CPU.Build.0 = Release|Any CPU
	EndGlobalSection
	GlobalSection(SolutionProperties) = preSolution
		HideSolutionNode = FALSE
	EndGlobalSection
	GlobalSection(ExtensibilityGlobals) = postSolution
		SolutionGuid = {5FD76369-E337-4C2B-809B-13878947BFDD}
	EndGlobalSection
EndGlobal
